
Microsoft Visual Studio Solution File, Format Version 12.00
# Visual Studio Version 17
VisualStudioVersion = 17.5.33627.172
MinimumVisualStudioVersion = 10.0.40219.1
Project("{FAE04EC0-301F-11D3-BF4B-00C04F79EFBC}") = "Blaze", "Blaze\Blaze.csproj", "{44C3D239-A190-419C-A884-89B32D56C16B}"
EndProject
Project("{54435603-DBB4-11D2-8724-00A0C9A8B90C}") = "Blaze Setup", "Blaze Setup\Blaze Setup.vdproj", "{058D2EB3-E601-4C9A-A977-7632D48F3753}"
EndProject
Project("{FAE04EC0-301F-11D3-BF4B-00C04F79EFBC}") = "InstallerSetup", "UninstallCleanUp\InstallerSetup.csproj", "{B452143E-675B-4291-B452-0E08ACEF602D}"
EndProject
Global
	GlobalSection(SolutionConfigurationPlatforms) = preSolution
		All|Any CPU = All|Any CPU
		All|ARM64 = All|ARM64
		All|x64 = All|x64
		All|x86 = All|x86
		Debug|Any CPU = Debug|Any CPU
		Debug|ARM64 = Debug|ARM64
		Debug|x64 = Debug|x64
		Debug|x86 = Debug|x86
		Release|Any CPU = Release|Any CPU
		Release|ARM64 = Release|ARM64
		Release|x64 = Release|x64
		Release|x86 = Release|x86
	EndGlobalSection
	GlobalSection(ProjectConfigurationPlatforms) = postSolution
		{44C3D239-A190-419C-A884-89B32D56C16B}.All|Any CPU.ActiveCfg = Release|Any CPU
		{44C3D239-A190-419C-A884-89B32D56C16B}.All|Any CPU.Build.0 = Release|Any CPU
		{44C3D239-A190-419C-A884-89B32D56C16B}.All|ARM64.ActiveCfg = Release|Any CPU
		{44C3D239-A190-419C-A884-89B32D56C16B}.All|ARM64.Build.0 = Release|Any CPU
		{44C3D239-A190-419C-A884-89B32D56C16B}.All|x64.ActiveCfg = Release|Any CPU
		{44C3D239-A190-419C-A884-89B32D56C16B}.All|x64.Build.0 = Release|Any CPU
		{44C3D239-A190-419C-A884-89B32D56C16B}.All|x86.ActiveCfg = Release|Any CPU
		{44C3D239-A190-419C-A884-89B32D56C16B}.All|x86.Build.0 = Release|Any CPU
		{44C3D239-A190-419C-A884-89B32D56C16B}.Debug|Any CPU.ActiveCfg = Debug|Any CPU
		{44C3D239-A190-419C-A884-89B32D56C16B}.Debug|Any CPU.Build.0 = Debug|Any CPU
		{44C3D239-A190-419C-A884-89B32D56C16B}.Debug|ARM64.ActiveCfg = Debug|Any CPU
		{44C3D239-A190-419C-A884-89B32D56C16B}.Debug|ARM64.Build.0 = Debug|Any CPU
		{44C3D239-A190-419C-A884-89B32D56C16B}.Debug|x64.ActiveCfg = Debug|Any CPU
		{44C3D239-A190-419C-A884-89B32D56C16B}.Debug|x64.Build.0 = Debug|Any CPU
		{44C3D239-A190-419C-A884-89B32D56C16B}.Debug|x86.ActiveCfg = Debug|Any CPU
		{44C3D239-A190-419C-A884-89B32D56C16B}.Debug|x86.Build.0 = Debug|Any CPU
		{44C3D239-A190-419C-A884-89B32D56C16B}.Release|Any CPU.ActiveCfg = Release|Any CPU
		{44C3D239-A190-419C-A884-89B32D56C16B}.Release|Any CPU.Build.0 = Release|Any CPU
		{44C3D239-A190-419C-A884-89B32D56C16B}.Release|ARM64.ActiveCfg = Release|Any CPU
		{44C3D239-A190-419C-A884-89B32D56C16B}.Release|ARM64.Build.0 = Release|Any CPU
		{44C3D239-A190-419C-A884-89B32D56C16B}.Release|x64.ActiveCfg = Release|Any CPU
		{44C3D239-A190-419C-A884-89B32D56C16B}.Release|x64.Build.0 = Release|Any CPU
		{44C3D239-A190-419C-A884-89B32D56C16B}.Release|x86.ActiveCfg = Release|Any CPU
		{44C3D239-A190-419C-A884-89B32D56C16B}.Release|x86.Build.0 = Release|Any CPU
		{058D2EB3-E601-4C9A-A977-7632D48F3753}.All|Any CPU.ActiveCfg = Debug
		{058D2EB3-E601-4C9A-A977-7632D48F3753}.All|Any CPU.Build.0 = Debug
		{058D2EB3-E601-4C9A-A977-7632D48F3753}.All|ARM64.ActiveCfg = Debug
		{058D2EB3-E601-4C9A-A977-7632D48F3753}.All|ARM64.Build.0 = Debug
		{058D2EB3-E601-4C9A-A977-7632D48F3753}.All|x64.ActiveCfg = Debug
		{058D2EB3-E601-4C9A-A977-7632D48F3753}.All|x64.Build.0 = Debug
		{058D2EB3-E601-4C9A-A977-7632D48F3753}.All|x86.ActiveCfg = Debug
		{058D2EB3-E601-4C9A-A977-7632D48F3753}.All|x86.Build.0 = Debug
		{058D2EB3-E601-4C9A-A977-7632D48F3753}.Debug|Any CPU.ActiveCfg = Debug
		{058D2EB3-E601-4C9A-A977-7632D48F3753}.Debug|Any CPU.Build.0 = Debug
		{058D2EB3-E601-4C9A-A977-7632D48F3753}.Debug|ARM64.ActiveCfg = Debug
		{058D2EB3-E601-4C9A-A977-7632D48F3753}.Debug|ARM64.Build.0 = Debug
		{058D2EB3-E601-4C9A-A977-7632D48F3753}.Debug|x64.ActiveCfg = Debug
		{058D2EB3-E601-4C9A-A977-7632D48F3753}.Debug|x64.Build.0 = Debug
		{058D2EB3-E601-4C9A-A977-7632D48F3753}.Debug|x86.ActiveCfg = Debug
		{058D2EB3-E601-4C9A-A977-7632D48F3753}.Debug|x86.Build.0 = Debug
		{058D2EB3-E601-4C9A-A977-7632D48F3753}.Release|Any CPU.ActiveCfg = Release
		{058D2EB3-E601-4C9A-A977-7632D48F3753}.Release|Any CPU.Build.0 = Release
		{058D2EB3-E601-4C9A-A977-7632D48F3753}.Release|ARM64.ActiveCfg = Release
		{058D2EB3-E601-4C9A-A977-7632D48F3753}.Release|ARM64.Build.0 = Release
		{058D2EB3-E601-4C9A-A977-7632D48F3753}.Release|x64.ActiveCfg = Release
		{058D2EB3-E601-4C9A-A977-7632D48F3753}.Release|x64.Build.0 = Release
		{058D2EB3-E601-4C9A-A977-7632D48F3753}.Release|x86.ActiveCfg = Release
		{058D2EB3-E601-4C9A-A977-7632D48F3753}.Release|x86.Build.0 = Release
		{B452143E-675B-4291-B452-0E08ACEF602D}.All|Any CPU.ActiveCfg = Debug|Any CPU
		{B452143E-675B-4291-B452-0E08ACEF602D}.All|Any CPU.Build.0 = Debug|Any CPU
		{B452143E-675B-4291-B452-0E08ACEF602D}.All|ARM64.ActiveCfg = Debug|Any CPU
		{B452143E-675B-4291-B452-0E08ACEF602D}.All|ARM64.Build.0 = Debug|Any CPU
		{B452143E-675B-4291-B452-0E08ACEF602D}.All|x64.ActiveCfg = Debug|Any CPU
		{B452143E-675B-4291-B452-0E08ACEF602D}.All|x64.Build.0 = Debug|Any CPU
		{B452143E-675B-4291-B452-0E08ACEF602D}.All|x86.ActiveCfg = Debug|Any CPU
		{B452143E-675B-4291-B452-0E08ACEF602D}.All|x86.Build.0 = Debug|Any CPU
		{B452143E-675B-4291-B452-0E08ACEF602D}.Debug|Any CPU.ActiveCfg = Debug|Any CPU
		{B452143E-675B-4291-B452-0E08ACEF602D}.Debug|Any CPU.Build.0 = Debug|Any CPU
		{B452143E-675B-4291-B452-0E08ACEF602D}.Debug|ARM64.ActiveCfg = Debug|Any CPU
		{B452143E-675B-4291-B452-0E08ACEF602D}.Debug|ARM64.Build.0 = Debug|Any CPU
		{B452143E-675B-4291-B452-0E08ACEF602D}.Debug|x64.ActiveCfg = Debug|Any CPU
		{B452143E-675B-4291-B452-0E08ACEF602D}.Debug|x64.Build.0 = Debug|Any CPU
		{B452143E-675B-4291-B452-0E08ACEF602D}.Debug|x86.ActiveCfg = Debug|Any CPU
		{B452143E-675B-4291-B452-0E08ACEF602D}.Debug|x86.Build.0 = Debug|Any CPU
		{B452143E-675B-4291-B452-0E08ACEF602D}.Release|Any CPU.ActiveCfg = Release|Any CPU
		{B452143E-675B-4291-B452-0E08ACEF602D}.Release|Any CPU.Build.0 = Release|Any CPU
		{B452143E-675B-4291-B452-0E08ACEF602D}.Release|ARM64.ActiveCfg = Release|Any CPU
		{B452143E-675B-4291-B452-0E08ACEF602D}.Release|ARM64.Build.0 = Release|Any CPU
		{B452143E-675B-4291-B452-0E08ACEF602D}.Release|x64.ActiveCfg = Release|Any CPU
		{B452143E-675B-4291-B452-0E08ACEF602D}.Release|x64.Build.0 = Release|Any CPU
		{B452143E-675B-4291-B452-0E08ACEF602D}.Release|x86.ActiveCfg = Release|Any CPU
		{B452143E-675B-4291-B452-0E08ACEF602D}.Release|x86.Build.0 = Release|Any CPU
	EndGlobalSection
	GlobalSection(SolutionProperties) = preSolution
		HideSolutionNode = FALSE
	EndGlobalSection
	GlobalSection(ExtensibilityGlobals) = postSolution
		SolutionGuid = {8E6562C7-36EF-44E8-AD56-8C4CAD66411B}
	EndGlobalSection
EndGlobal
