
Microsoft Visual Studio Solution File, Format Version 12.00
# Visual Studio Version 17
VisualStudioVersion = 17.5.33627.172
MinimumVisualStudioVersion = 10.0.40219.1
Project("{FAE04EC0-301F-11D3-BF4B-00C04F79EFBC}") = "Blaze", "Blaze\Blaze.csproj", "{44C3D239-A190-419C-A884-89B32D56C16B}"
EndProject
Global
	GlobalSection(SolutionConfigurationPlatforms) = preSolution
		Debug|Any CPU = Debug|Any CPU
		Release|Any CPU = Release|Any CPU
	EndGlobalSection
	GlobalSection(ProjectConfigurationPlatforms) = postSolution
		{44C3D239-A190-419C-A884-89B32D56C16B}.Debug|Any CPU.ActiveCfg = Debug|Any CPU
		{44C3D239-A190-419C-A884-89B32D56C16B}.Debug|Any CPU.Build.0 = Debug|Any CPU
		{44C3D239-A190-419C-A884-89B32D56C16B}.Release|Any CPU.ActiveCfg = Release|Any CPU
		{44C3D239-A190-419C-A884-89B32D56C16B}.Release|Any CPU.Build.0 = Release|Any CPU
	EndGlobalSection
	GlobalSection(SolutionProperties) = preSolution
		HideSolutionNode = FALSE
	EndGlobalSection
	GlobalSection(ExtensibilityGlobals) = postSolution
		SolutionGuid = {8E6562C7-36EF-44E8-AD56-8C4CAD66411B}
	EndGlobalSection
EndGlobal
